# This file is automatically @generated by Cargo.
# It is not intended for manual editing.
version = 4

[[package]]
name = "engineo-calendar"
version = "0.1.0"

[[package]]
name = "engineo-project-model"
version = "0.1.0"

[[package]]
name = "engineo-scheduling"
version = "0.1.0"
dependencies = [
 "engineo-calendar",
 "engineo-project-model",
]
